
Microsoft Visual Studio Solution File, Format Version 12.00
# Visual Studio Version 16
VisualStudioVersion = 16.0.28803.352
MinimumVisualStudioVersion = 15.0.26124.0
Project("{9A19103F-16F7-4668-BE54-9A1E7A4F7556}") = "Adapter.Persistence.Ftp", "src\Adapter.Persistence.Ftp\Adapter.Persistence.Ftp.csproj", "{73002A49-0EEF-4E43-85A7-1AE3ECD6243E}"
EndProject
Project("{9A19103F-16F7-4668-BE54-9A1E7A4F7556}") = "Adapter.Persistence.InMemory", "src\Adapter.Persistence.InMemory\Adapter.Persistence.InMemory.csproj", "{CD5412C7-DBBB-4434-9301-5E9917B1BC4F}"
EndProject
Project("{9A19103F-16F7-4668-BE54-9A1E7A4F7556}") = "XboxFtp.Console", "src\XboxFtp.Console\XboxFtp.Console.csproj", "{E51F0705-B5E8-43C1-AD96-0ABCA0766B86}"
EndProject
Project("{9A19103F-16F7-4668-BE54-9A1E7A4F7556}") = "XboxFtp.Core", "src\XboxFtp.Core\XboxFtp.Core.csproj", "{A3AA9769-67B6-4315-93BB-EF6FEA7C758C}"
EndProject
Project("{9A19103F-16F7-4668-BE54-9A1E7A4F7556}") = "Adapter.Persistence.Ftp.Tests.Integration", "tests\Adapter.Persistence.Ftp.Tests.Integration\Adapter.Persistence.Ftp.Tests.Integration.csproj", "{D63780C6-94BD-4FD4-8328-3F04CEDC5436}"
EndProject
Project("{9A19103F-16F7-4668-BE54-9A1E7A4F7556}") = "Adapter.Notifier.Serilog", "src\Adapter.Notifier.Serilog\Adapter.Notifier.Serilog.csproj", "{8C514482-47B8-471C-9E25-B32E9EF6B97F}"
EndProject
Project("{9A19103F-16F7-4668-BE54-9A1E7A4F7556}") = "Adapter.Notifier.TerminalGui", "src\Adapter.Notifier.TerminalGui\Adapter.Notifier.TerminalGui.csproj", "{308C2F7E-9C72-4D8D-B1FC-D2F8B0C10FC4}"
EndProject
Project("{2150E333-8FDC-42A3-9474-1A3956D46DE8}") = "Tests", "Tests", "{88EB2371-EC08-4357-9113-0535A6B5901F}"
EndProject
Project("{9A19103F-16F7-4668-BE54-9A1E7A4F7556}") = "XboxFtp.Core.Tests.Unit", "tests\XboxFtp.Core.Tests.Unit\XboxFtp.Core.Tests.Unit.csproj", "{C845CA79-12C4-4733-A1A7-58F29AAF912E}"
EndProject
Project("{FAE04EC0-301F-11D3-BF4B-00C04F79EFBC}") = "Adapter.Persistence.Ftp.Tests.Unit", "tests\Adapter.Persistence.Ftp.Tests.Unit\Adapter.Persistence.Ftp.Tests.Unit.csproj", "{F7D9DBE8-4297-44B0-9209-526E0800C60C}"
EndProject
Global
	GlobalSection(SolutionConfigurationPlatforms) = preSolution
		Debug|Any CPU = Debug|Any CPU
		Release|Any CPU = Release|Any CPU
	EndGlobalSection
	GlobalSection(ProjectConfigurationPlatforms) = postSolution
		{73002A49-0EEF-4E43-85A7-1AE3ECD6243E}.Debug|Any CPU.ActiveCfg = Debug|Any CPU
		{73002A49-0EEF-4E43-85A7-1AE3ECD6243E}.Debug|Any CPU.Build.0 = Debug|Any CPU
		{73002A49-0EEF-4E43-85A7-1AE3ECD6243E}.Release|Any CPU.ActiveCfg = Release|Any CPU
		{73002A49-0EEF-4E43-85A7-1AE3ECD6243E}.Release|Any CPU.Build.0 = Release|Any CPU
		{CD5412C7-DBBB-4434-9301-5E9917B1BC4F}.Debug|Any CPU.ActiveCfg = Debug|Any CPU
		{CD5412C7-DBBB-4434-9301-5E9917B1BC4F}.Debug|Any CPU.Build.0 = Debug|Any CPU
		{CD5412C7-DBBB-4434-9301-5E9917B1BC4F}.Release|Any CPU.ActiveCfg = Release|Any CPU
		{CD5412C7-DBBB-4434-9301-5E9917B1BC4F}.Release|Any CPU.Build.0 = Release|Any CPU
		{E51F0705-B5E8-43C1-AD96-0ABCA0766B86}.Debug|Any CPU.ActiveCfg = Debug|Any CPU
		{E51F0705-B5E8-43C1-AD96-0ABCA0766B86}.Debug|Any CPU.Build.0 = Debug|Any CPU
		{E51F0705-B5E8-43C1-AD96-0ABCA0766B86}.Release|Any CPU.ActiveCfg = Release|Any CPU
		{E51F0705-B5E8-43C1-AD96-0ABCA0766B86}.Release|Any CPU.Build.0 = Release|Any CPU
		{A3AA9769-67B6-4315-93BB-EF6FEA7C758C}.Debug|Any CPU.ActiveCfg = Debug|Any CPU
		{A3AA9769-67B6-4315-93BB-EF6FEA7C758C}.Debug|Any CPU.Build.0 = Debug|Any CPU
		{A3AA9769-67B6-4315-93BB-EF6FEA7C758C}.Release|Any CPU.ActiveCfg = Release|Any CPU
		{A3AA9769-67B6-4315-93BB-EF6FEA7C758C}.Release|Any CPU.Build.0 = Release|Any CPU
		{D63780C6-94BD-4FD4-8328-3F04CEDC5436}.Debug|Any CPU.ActiveCfg = Debug|Any CPU
		{D63780C6-94BD-4FD4-8328-3F04CEDC5436}.Debug|Any CPU.Build.0 = Debug|Any CPU
		{D63780C6-94BD-4FD4-8328-3F04CEDC5436}.Release|Any CPU.ActiveCfg = Release|Any CPU
		{D63780C6-94BD-4FD4-8328-3F04CEDC5436}.Release|Any CPU.Build.0 = Release|Any CPU
		{8C514482-47B8-471C-9E25-B32E9EF6B97F}.Debug|Any CPU.ActiveCfg = Debug|Any CPU
		{8C514482-47B8-471C-9E25-B32E9EF6B97F}.Debug|Any CPU.Build.0 = Debug|Any CPU
		{8C514482-47B8-471C-9E25-B32E9EF6B97F}.Release|Any CPU.ActiveCfg = Release|Any CPU
		{8C514482-47B8-471C-9E25-B32E9EF6B97F}.Release|Any CPU.Build.0 = Release|Any CPU
		{308C2F7E-9C72-4D8D-B1FC-D2F8B0C10FC4}.Debug|Any CPU.ActiveCfg = Debug|Any CPU
		{308C2F7E-9C72-4D8D-B1FC-D2F8B0C10FC4}.Debug|Any CPU.Build.0 = Debug|Any CPU
		{308C2F7E-9C72-4D8D-B1FC-D2F8B0C10FC4}.Release|Any CPU.ActiveCfg = Release|Any CPU
		{308C2F7E-9C72-4D8D-B1FC-D2F8B0C10FC4}.Release|Any CPU.Build.0 = Release|Any CPU
		{C845CA79-12C4-4733-A1A7-58F29AAF912E}.Debug|Any CPU.ActiveCfg = Debug|Any CPU
		{C845CA79-12C4-4733-A1A7-58F29AAF912E}.Debug|Any CPU.Build.0 = Debug|Any CPU
		{C845CA79-12C4-4733-A1A7-58F29AAF912E}.Release|Any CPU.ActiveCfg = Release|Any CPU
		{C845CA79-12C4-4733-A1A7-58F29AAF912E}.Release|Any CPU.Build.0 = Release|Any CPU
		{F7D9DBE8-4297-44B0-9209-526E0800C60C}.Debug|Any CPU.ActiveCfg = Debug|Any CPU
		{F7D9DBE8-4297-44B0-9209-526E0800C60C}.Debug|Any CPU.Build.0 = Debug|Any CPU
		{F7D9DBE8-4297-44B0-9209-526E0800C60C}.Release|Any CPU.ActiveCfg = Release|Any CPU
		{F7D9DBE8-4297-44B0-9209-526E0800C60C}.Release|Any CPU.Build.0 = Release|Any CPU
	EndGlobalSection
	GlobalSection(SolutionProperties) = preSolution
		HideSolutionNode = FALSE
	EndGlobalSection
	GlobalSection(NestedProjects) = preSolution
		{D63780C6-94BD-4FD4-8328-3F04CEDC5436} = {88EB2371-EC08-4357-9113-0535A6B5901F}
		{C845CA79-12C4-4733-A1A7-58F29AAF912E} = {88EB2371-EC08-4357-9113-0535A6B5901F}
		{F7D9DBE8-4297-44B0-9209-526E0800C60C} = {88EB2371-EC08-4357-9113-0535A6B5901F}
	EndGlobalSection
	GlobalSection(ExtensibilityGlobals) = postSolution
		SolutionGuid = {A03E751D-A1E2-48C7-87B2-BF2C9C487D72}
	EndGlobalSection
EndGlobal
